
Microsoft Visual Studio Solution File, Format Version 12.00
# Visual Studio Version 17
VisualStudioVersion = 17.1.32414.318
MinimumVisualStudioVersion = 10.0.40219.1
Project("{FAE04EC0-301F-11D3-BF4B-00C04F79EFBC}") = "SVI_NFT_R", "SVI_NFT_R\SVI_NFT_R.csproj", "{9A32A917-24FF-4A9F-9F83-C7B2D1BB3D5D}"
EndProject
Global
	GlobalSection(SolutionConfigurationPlatforms) = preSolution
		Debug|x64 = Debug|x64
		Release|x64 = Release|x64
	EndGlobalSection
	GlobalSection(ProjectConfigurationPlatforms) = postSolution
		{9A32A917-24FF-4A9F-9F83-C7B2D1BB3D5D}.Debug|x64.ActiveCfg = Debug|x64
		{9A32A917-24FF-4A9F-9F83-C7B2D1BB3D5D}.Debug|x64.Build.0 = Debug|x64
		{9A32A917-24FF-4A9F-9F83-C7B2D1BB3D5D}.Release|x64.ActiveCfg = Release|x64
		{9A32A917-24FF-4A9F-9F83-C7B2D1BB3D5D}.Release|x64.Build.0 = Release|x64
	EndGlobalSection
	GlobalSection(SolutionProperties) = preSolution
		HideSolutionNode = FALSE
	EndGlobalSection
	GlobalSection(ExtensibilityGlobals) = postSolution
		SolutionGuid = {85053ABE-7B53-403A-BCCC-8CD38CF163EE}
	EndGlobalSection
EndGlobal
